
Microsoft Visual Studio Solution File, Format Version 12.00
# Visual Studio Version 16
VisualStudioVersion = 16.0.30011.22
MinimumVisualStudioVersion = 10.0.40219.1
Project("{FAE04EC0-301F-11D3-BF4B-00C04F79EFBC}") = "UserMaintenance", "UserMaintenance\UserMaintenance.csproj", "{D30DFEB2-1E19-4F48-8B79-F8896D3D0A32}"
EndProject
Global
	GlobalSection(SolutionConfigurationPlatforms) = preSolution
		Debug|Any CPU = Debug|Any CPU
		Release|Any CPU = Release|Any CPU
	EndGlobalSection
	GlobalSection(ProjectConfigurationPlatforms) = postSolution
		{D30DFEB2-1E19-4F48-8B79-F8896D3D0A32}.Debug|Any CPU.ActiveCfg = Debug|Any CPU
		{D30DFEB2-1E19-4F48-8B79-F8896D3D0A32}.Debug|Any CPU.Build.0 = Debug|Any CPU
		{D30DFEB2-1E19-4F48-8B79-F8896D3D0A32}.Release|Any CPU.ActiveCfg = Release|Any CPU
		{D30DFEB2-1E19-4F48-8B79-F8896D3D0A32}.Release|Any CPU.Build.0 = Release|Any CPU
	EndGlobalSection
	GlobalSection(SolutionProperties) = preSolution
		HideSolutionNode = FALSE
	EndGlobalSection
	GlobalSection(ExtensibilityGlobals) = postSolution
		SolutionGuid = {EA8268C9-7CCD-4758-B762-D7E8214FF466}
	EndGlobalSection
EndGlobal
