
Microsoft Visual Studio Solution File, Format Version 12.00
# Visual Studio Version 16
VisualStudioVersion = 16.0.30011.22
MinimumVisualStudioVersion = 10.0.40219.1
Project("{FAE04EC0-301F-11D3-BF4B-00C04F79EFBC}") = "VaR", "VaR\VaR.csproj", "{42B0FE04-CC9B-49F4-99F8-DD10FDDEC98E}"
EndProject
Global
	GlobalSection(SolutionConfigurationPlatforms) = preSolution
		Debug|Any CPU = Debug|Any CPU
		Release|Any CPU = Release|Any CPU
	EndGlobalSection
	GlobalSection(ProjectConfigurationPlatforms) = postSolution
		{42B0FE04-CC9B-49F4-99F8-DD10FDDEC98E}.Debug|Any CPU.ActiveCfg = Debug|Any CPU
		{42B0FE04-CC9B-49F4-99F8-DD10FDDEC98E}.Debug|Any CPU.Build.0 = Debug|Any CPU
		{42B0FE04-CC9B-49F4-99F8-DD10FDDEC98E}.Release|Any CPU.ActiveCfg = Release|Any CPU
		{42B0FE04-CC9B-49F4-99F8-DD10FDDEC98E}.Release|Any CPU.Build.0 = Release|Any CPU
	EndGlobalSection
	GlobalSection(SolutionProperties) = preSolution
		HideSolutionNode = FALSE
	EndGlobalSection
	GlobalSection(ExtensibilityGlobals) = postSolution
		SolutionGuid = {7D28EE83-786F-4D20-9D09-21B00C7EE832}
	EndGlobalSection
EndGlobal
